// !$*UTF8*$!
{
	archiveVersion = 1;
	classes = {
	};
	objectVersion = 56;
	objects = {

/* Begin PBXBuildFile section */
		D8FFDAD72B2990F600F167EE /* AppDelegate.swift in Sources */ = {isa = PBXBuildFile; fileRef = D8FFDAD62B2990F600F167EE /* AppDelegate.swift */; };
		D8FFDAD92B2990F600F167EE /* SceneDelegate.swift in Sources */ = {isa = PBXBuildFile; fileRef = D8FFDAD82B2990F600F167EE /* SceneDelegate.swift */; };
		D8FFDADB2B2990F600F167EE /* ViewController.swift in Sources */ = {isa = PBXBuildFile; fileRef = D8FFDADA2B2990F600F167EE /* ViewController.swift */; };
		D8FFDAE02B2990F700F167EE /* Assets.xcassets in Resources */ = {isa = PBXBuildFile; fileRef = D8FFDADF2B2990F700F167EE /* Assets.xcassets */; };
		D8FFDAE32B2990F700F167EE /* LaunchScreen.storyboard in Resources */ = {isa = PBXBuildFile; fileRef = D8FFDAE12B2990F700F167EE /* LaunchScreen.storyboard */; };
		D8FFDAF12B29929000F167EE /* MainView.swift in Sources */ = {isa = PBXBuildFile; fileRef = D8FFDAF02B29929000F167EE /* MainView.swift */; };
		D8FFDAF32B2999B500F167EE /* Model.swift in Sources */ = {isa = PBXBuildFile; fileRef = D8FFDAF22B2999B500F167EE /* Model.swift */; };
/* End PBXBuildFile section */

/* Begin PBXFileReference section */
		D8FFDAD32B2990F600F167EE /* URLSessionExample.app */ = {isa = PBXFileReference; explicitFileType = wrapper.application; includeInIndex = 0; path = URLSessionExample.app; sourceTree = BUILT_PRODUCTS_DIR; };
		D8FFDAD62B2990F600F167EE /* AppDelegate.swift */ = {isa = PBXFileReference; lastKnownFileType = sourcecode.swift; path = AppDelegate.swift; sourceTree = "<group>"; };
		D8FFDAD82B2990F600F167EE /* SceneDelegate.swift */ = {isa = PBXFileReference; lastKnownFileType = sourcecode.swift; path = SceneDelegate.swift; sourceTree = "<group>"; };
		D8FFDADA2B2990F600F167EE /* ViewController.swift */ = {isa = PBXFileReference; lastKnownFileType = sourcecode.swift; path = ViewController.swift; sourceTree = "<group>"; };
		D8FFDADF2B2990F700F167EE /* Assets.xcassets */ = {isa = PBXFileReference; lastKnownFileType = folder.assetcatalog; path = Assets.xcassets; sourceTree = "<group>"; };
		D8FFDAE22B2990F700F167EE /* Base */ = {isa = PBXFileReference; lastKnownFileType = file.storyboard; name = Base; path = Base.lproj/LaunchScreen.storyboard; sourceTree = "<group>"; };
		D8FFDAE42B2990F700F167EE /* Info.plist */ = {isa = PBXFileReference; lastKnownFileType = text.plist.xml; path = Info.plist; sourceTree = "<group>"; };
		D8FFDAF02B29929000F167EE /* MainView.swift */ = {isa = PBXFileReference; lastKnownFileType = sourcecode.swift; path = MainView.swift; sourceTree = "<group>"; };
		D8FFDAF22B2999B500F167EE /* Model.swift */ = {isa = PBXFileReference; lastKnownFileType = sourcecode.swift; path = Model.swift; sourceTree = "<group>"; };
/* End PBXFileReference section */

/* Begin PBXFrameworksBuildPhase section */
		D8FFDAD02B2990F600F167EE /* Frameworks */ = {
			isa = PBXFrameworksBuildPhase;
			buildActionMask = 2147483647;
			files = (
			);
			runOnlyForDeploymentPostprocessing = 0;
		};
/* End PBXFrameworksBuildPhase section */

/* Begin PBXGroup section */
		D8FFDACA2B2990F600F167EE = {
			isa = PBXGroup;
			children = (
				D8FFDAD52B2990F600F167EE /* URLSessionExample */,
				D8FFDAD42B2990F600F167EE /* Products */,
			);
			sourceTree = "<group>";
		};
		D8FFDAD42B2990F600F167EE /* Products */ = {
			isa = PBXGroup;
			children = (
				D8FFDAD32B2990F600F167EE /* URLSessionExample.app */,
			);
			name = Products;
			sourceTree = "<group>";
		};
		D8FFDAD52B2990F600F167EE /* URLSessionExample */ = {
			isa = PBXGroup;
			children = (
				D8FFDAEA2B29911100F167EE /* Source */,
				D8FFDAEB2B29911B00F167EE /* Resource */,
			);
			path = URLSessionExample;
			sourceTree = "<group>";
		};
		D8FFDAEA2B29911100F167EE /* Source */ = {
			isa = PBXGroup;
			children = (
				D8FFDAEC2B29914200F167EE /* AppDelegate */,
				D8FFDAEF2B29926D00F167EE /* Models */,
				D8FFDAEE2B29926100F167EE /* Views */,
				D8FFDAED2B29916B00F167EE /* Controllers */,
			);
			path = Source;
			sourceTree = "<group>";
		};
		D8FFDAEB2B29911B00F167EE /* Resource */ = {
			isa = PBXGroup;
			children = (
				D8FFDAE12B2990F700F167EE /* LaunchScreen.storyboard */,
				D8FFDADF2B2990F700F167EE /* Assets.xcassets */,
				D8FFDAE42B2990F700F167EE /* Info.plist */,
			);
			path = Resource;
			sourceTree = "<group>";
		};
		D8FFDAEC2B29914200F167EE /* AppDelegate */ = {
			isa = PBXGroup;
			children = (
				D8FFDAD62B2990F600F167EE /* AppDelegate.swift */,
				D8FFDAD82B2990F600F167EE /* SceneDelegate.swift */,
			);
			path = AppDelegate;
			sourceTree = "<group>";
		};
		D8FFDAED2B29916B00F167EE /* Controllers */ = {
			isa = PBXGroup;
			children = (
				D8FFDADA2B2990F600F167EE /* ViewController.swift */,
			);
			path = Controllers;
			sourceTree = "<group>";
		};
		D8FFDAEE2B29926100F167EE /* Views */ = {
			isa = PBXGroup;
			children = (
				D8FFDAF02B29929000F167EE /* MainView.swift */,
			);
			path = Views;
			sourceTree = "<group>";
		};
		D8FFDAEF2B29926D00F167EE /* Models */ = {
			isa = PBXGroup;
			children = (
				D8FFDAF22B2999B500F167EE /* Model.swift */,
			);
			path = Models;
			sourceTree = "<group>";
		};
/* End PBXGroup section */

/* Begin PBXNativeTarget section */
		D8FFDAD22B2990F600F167EE /* URLSessionExample */ = {
			isa = PBXNativeTarget;
			buildConfigurationList = D8FFDAE72B2990F700F167EE /* Build configuration list for PBXNativeTarget "URLSessionExample" */;
			buildPhases = (
				D8FFDACF2B2990F600F167EE /* Sources */,
				D8FFDAD02B2990F600F167EE /* Frameworks */,
				D8FFDAD12B2990F600F167EE /* Resources */,
			);
			buildRules = (
			);
			dependencies = (
			);
			name = URLSessionExample;
			productName = URLSessionExample;
			productReference = D8FFDAD32B2990F600F167EE /* URLSessionExample.app */;
			productType = "com.apple.product-type.application";
		};
/* End PBXNativeTarget section */

/* Begin PBXProject section */
		D8FFDACB2B2990F600F167EE /* Project object */ = {
			isa = PBXProject;
			attributes = {
				BuildIndependentTargetsInParallel = 1;
				LastSwiftUpdateCheck = 1430;
				LastUpgradeCheck = 1430;
				TargetAttributes = {
					D8FFDAD22B2990F600F167EE = {
						CreatedOnToolsVersion = 14.3.1;
					};
				};
			};
			buildConfigurationList = D8FFDACE2B2990F600F167EE /* Build configuration list for PBXProject "URLSessionExample" */;
			compatibilityVersion = "Xcode 14.0";
			developmentRegion = en;
			hasScannedForEncodings = 0;
			knownRegions = (
				en,
				Base,
			);
			mainGroup = D8FFDACA2B2990F600F167EE;
			productRefGroup = D8FFDAD42B2990F600F167EE /* Products */;
			projectDirPath = "";
			projectRoot = "";
			targets = (
				D8FFDAD22B2990F600F167EE /* URLSessionExample */,
			);
		};
/* End PBXProject section */

/* Begin PBXResourcesBuildPhase section */
		D8FFDAD12B2990F600F167EE /* Resources */ = {
			isa = PBXResourcesBuildPhase;
			buildActionMask = 2147483647;
			files = (
				D8FFDAE32B2990F700F167EE /* LaunchScreen.storyboard in Resources */,
				D8FFDAE02B2990F700F167EE /* Assets.xcassets in Resources */,
			);
			runOnlyForDeploymentPostprocessing = 0;
		};
/* End PBXResourcesBuildPhase section */

/* Begin PBXSourcesBuildPhase section */
		D8FFDACF2B2990F600F167EE /* Sources */ = {
			isa = PBXSourcesBuildPhase;
			buildActionMask = 2147483647;
			files = (
				D8FFDAF32B2999B500F167EE /* Model.swift in Sources */,
				D8FFDADB2B2990F600F167EE /* ViewController.swift in Sources */,
				D8FFDAF12B29929000F167EE /* MainView.swift in Sources */,
				D8FFDAD72B2990F600F167EE /* AppDelegate.swift in Sources */,
				D8FFDAD92B2990F600F167EE /* SceneDelegate.swift in Sources */,
			);
			runOnlyForDeploymentPostprocessing = 0;
		};
/* End PBXSourcesBuildPhase section */

/* Begin PBXVariantGroup section */
		D8FFDAE12B2990F700F167EE /* LaunchScreen.storyboard */ = {
			isa = PBXVariantGroup;
			children = (
				D8FFDAE22B2990F700F167EE /* Base */,
			);
			name = LaunchScreen.storyboard;
			sourceTree = "<group>";
		};
/* End PBXVariantGroup section */

/* Begin XCBuildConfiguration section */
		D8FFDAE52B2990F700F167EE /* Debug */ = {
			isa = XCBuildConfiguration;
			buildSettings = {
				ALWAYS_SEARCH_USER_PATHS = NO;
				CLANG_ANALYZER_NONNULL = YES;
				CLANG_ANALYZER_NUMBER_OBJECT_CONVERSION = YES_AGGRESSIVE;
				CLANG_CXX_LANGUAGE_STANDARD = "gnu++20";
				CLANG_ENABLE_MODULES = YES;
				CLANG_ENABLE_OBJC_ARC = YES;
				CLANG_ENABLE_OBJC_WEAK = YES;
				CLANG_WARN_BLOCK_CAPTURE_AUTORELEASING = YES;
				CLANG_WARN_BOOL_CONVERSION = YES;
				CLANG_WARN_COMMA = YES;
				CLANG_WARN_CONSTANT_CONVERSION = YES;
				CLANG_WARN_DEPRECATED_OBJC_IMPLEMENTATIONS = YES;
				CLANG_WARN_DIRECT_OBJC_ISA_USAGE = YES_ERROR;
				CLANG_WARN_DOCUMENTATION_COMMENTS = YES;
				CLANG_WARN_EMPTY_BODY = YES;
				CLANG_WARN_ENUM_CONVERSION = YES;
				CLANG_WARN_INFINITE_RECURSION = YES;
				CLANG_WARN_INT_CONVERSION = YES;
				CLANG_WARN_NON_LITERAL_NULL_CONVERSION = YES;
				CLANG_WARN_OBJC_IMPLICIT_RETAIN_SELF = YES;
				CLANG_WARN_OBJC_LITERAL_CONVERSION = YES;
				CLANG_WARN_OBJC_ROOT_CLASS = YES_ERROR;
				CLANG_WARN_QUOTED_INCLUDE_IN_FRAMEWORK_HEADER = YES;
				CLANG_WARN_RANGE_LOOP_ANALYSIS = YES;
				CLANG_WARN_STRICT_PROTOTYPES = YES;
				CLANG_WARN_SUSPICIOUS_MOVE = YES;
				CLANG_WARN_UNGUARDED_AVAILABILITY = YES_AGGRESSIVE;
				CLANG_WARN_UNREACHABLE_CODE = YES;
				CLANG_WARN__DUPLICATE_METHOD_MATCH = YES;
				COPY_PHASE_STRIP = NO;
				DEBUG_INFORMATION_FORMAT = dwarf;
				ENABLE_STRICT_OBJC_MSGSEND = YES;
				ENABLE_TESTABILITY = YES;
				GCC_C_LANGUAGE_STANDARD = gnu11;
				GCC_DYNAMIC_NO_PIC = NO;
				GCC_NO_COMMON_BLOCKS = YES;
				GCC_OPTIMIZATION_LEVEL = 0;
				GCC_PREPROCESSOR_DEFINITIONS = (
					"DEBUG=1",
					"$(inherited)",
				);
				GCC_WARN_64_TO_32_BIT_CONVERSION = YES;
				GCC_WARN_ABOUT_RETURN_TYPE = YES_ERROR;
				GCC_WARN_UNDECLARED_SELECTOR = YES;
				GCC_WARN_UNINITIALIZED_AUTOS = YES_AGGRESSIVE;
				GCC_WARN_UNUSED_FUNCTION = YES;
				GCC_WARN_UNUSED_VARIABLE = YES;
				IPHONEOS_DEPLOYMENT_TARGET = 16.4;
				MTL_ENABLE_DEBUG_INFO = INCLUDE_SOURCE;
				MTL_FAST_MATH = YES;
				ONLY_ACTIVE_ARCH = YES;
				SDKROOT = iphoneos;
				SWIFT_ACTIVE_COMPILATION_CONDITIONS = DEBUG;
				SWIFT_OPTIMIZATION_LEVEL = "-Onone";
			};
			name = Debug;
		};
		D8FFDAE62B2990F700F167EE /* Release */ = {
			isa = XCBuildConfiguration;
			buildSettings = {
				ALWAYS_SEARCH_USER_PATHS = NO;
				CLANG_ANALYZER_NONNULL = YES;
				CLANG_ANALYZER_NUMBER_OBJECT_CONVERSION = YES_AGGRESSIVE;
				CLANG_CXX_LANGUAGE_STANDARD = "gnu++20";
				CLANG_ENABLE_MODULES = YES;
				CLANG_ENABLE_OBJC_ARC = YES;
				CLANG_ENABLE_OBJC_WEAK = YES;
				CLANG_WARN_BLOCK_CAPTURE_AUTORELEASING = YES;
				CLANG_WARN_BOOL_CONVERSION = YES;
				CLANG_WARN_COMMA = YES;
				CLANG_WARN_CONSTANT_CONVERSION = YES;
				CLANG_WARN_DEPRECATED_OBJC_IMPLEMENTATIONS = YES;
				CLANG_WARN_DIRECT_OBJC_ISA_USAGE = YES_ERROR;
				CLANG_WARN_DOCUMENTATION_COMMENTS = YES;
				CLANG_WARN_EMPTY_BODY = YES;
				CLANG_WARN_ENUM_CONVERSION = YES;
				CLANG_WARN_INFINITE_RECURSION = YES;
				CLANG_WARN_INT_CONVERSION = YES;
				CLANG_WARN_NON_LITERAL_NULL_CONVERSION = YES;
				CLANG_WARN_OBJC_IMPLICIT_RETAIN_SELF = YES;
				CLANG_WARN_OBJC_LITERAL_CONVERSION = YES;
				CLANG_WARN_OBJC_ROOT_CLASS = YES_ERROR;
				CLANG_WARN_QUOTED_INCLUDE_IN_FRAMEWORK_HEADER = YES;
				CLANG_WARN_RANGE_LOOP_ANALYSIS = YES;
				CLANG_WARN_STRICT_PROTOTYPES = YES;
				CLANG_WARN_SUSPICIOUS_MOVE = YES;
				CLANG_WARN_UNGUARDED_AVAILABILITY = YES_AGGRESSIVE;
				CLANG_WARN_UNREACHABLE_CODE = YES;
				CLANG_WARN__DUPLICATE_METHOD_MATCH = YES;
				COPY_PHASE_STRIP = NO;
				DEBUG_INFORMATION_FORMAT = "dwarf-with-dsym";
				ENABLE_NS_ASSERTIONS = NO;
				ENABLE_STRICT_OBJC_MSGSEND = YES;
				GCC_C_LANGUAGE_STANDARD = gnu11;
				GCC_NO_COMMON_BLOCKS = YES;
				GCC_WARN_64_TO_32_BIT_CONVERSION = YES;
				GCC_WARN_ABOUT_RETURN_TYPE = YES_ERROR;
				GCC_WARN_UNDECLARED_SELECTOR = YES;
				GCC_WARN_UNINITIALIZED_AUTOS = YES_AGGRESSIVE;
				GCC_WARN_UNUSED_FUNCTION = YES;
				GCC_WARN_UNUSED_VARIABLE = YES;
				IPHONEOS_DEPLOYMENT_TARGET = 16.4;
				MTL_ENABLE_DEBUG_INFO = NO;
				MTL_FAST_MATH = YES;
				SDKROOT = iphoneos;
				SWIFT_COMPILATION_MODE = wholemodule;
				SWIFT_OPTIMIZATION_LEVEL = "-O";
				VALIDATE_PRODUCT = YES;
			};
			name = Release;
		};
		D8FFDAE82B2990F700F167EE /* Debug */ = {
			isa = XCBuildConfiguration;
			buildSettings = {
				ASSETCATALOG_COMPILER_APPICON_NAME = AppIcon;
				ASSETCATALOG_COMPILER_GLOBAL_ACCENT_COLOR_NAME = AccentColor;
				CODE_SIGN_STYLE = Automatic;
				CURRENT_PROJECT_VERSION = 1;
				GENERATE_INFOPLIST_FILE = YES;
				INFOPLIST_FILE = URLSessionExample/Resource/Info.plist;
				INFOPLIST_KEY_UIApplicationSupportsIndirectInputEvents = YES;
				INFOPLIST_KEY_UILaunchStoryboardName = LaunchScreen;
				INFOPLIST_KEY_UIMainStoryboardFile = "";
				INFOPLIST_KEY_UISupportedInterfaceOrientations_iPad = "UIInterfaceOrientationPortrait UIInterfaceOrientationPortraitUpsideDown UIInterfaceOrientationLandscapeLeft UIInterfaceOrientationLandscapeRight";
				INFOPLIST_KEY_UISupportedInterfaceOrientations_iPhone = "UIInterfaceOrientationPortrait UIInterfaceOrientationLandscapeLeft UIInterfaceOrientationLandscapeRight";
				LD_RUNPATH_SEARCH_PATHS = (
					"$(inherited)",
					"@executable_path/Frameworks",
				);
				MARKETING_VERSION = 1.0;
				PRODUCT_BUNDLE_IDENTIFIER = Arken.URLSessionExample;
				PRODUCT_NAME = "$(TARGET_NAME)";
				SWIFT_EMIT_LOC_STRINGS = YES;
				SWIFT_VERSION = 5.0;
				TARGETED_DEVICE_FAMILY = "1,2";
			};
			name = Debug;
		};
		D8FFDAE92B2990F700F167EE /* Release */ = {
			isa = XCBuildConfiguration;
			buildSettings = {
				ASSETCATALOG_COMPILER_APPICON_NAME = AppIcon;
				ASSETCATALOG_COMPILER_GLOBAL_ACCENT_COLOR_NAME = AccentColor;
				CODE_SIGN_STYLE = Automatic;
				CURRENT_PROJECT_VERSION = 1;
				GENERATE_INFOPLIST_FILE = YES;
				INFOPLIST_FILE = URLSessionExample/Resource/Info.plist;
				INFOPLIST_KEY_UIApplicationSupportsIndirectInputEvents = YES;
				INFOPLIST_KEY_UILaunchStoryboardName = LaunchScreen;
				INFOPLIST_KEY_UIMainStoryboardFile = "";
				INFOPLIST_KEY_UISupportedInterfaceOrientations_iPad = "UIInterfaceOrientationPortrait UIInterfaceOrientationPortraitUpsideDown UIInterfaceOrientationLandscapeLeft UIInterfaceOrientationLandscapeRight";
				INFOPLIST_KEY_UISupportedInterfaceOrientations_iPhone = "UIInterfaceOrientationPortrait UIInterfaceOrientationLandscapeLeft UIInterfaceOrientationLandscapeRight";
				LD_RUNPATH_SEARCH_PATHS = (
					"$(inherited)",
					"@executable_path/Frameworks",
				);
				MARKETING_VERSION = 1.0;
				PRODUCT_BUNDLE_IDENTIFIER = Arken.URLSessionExample;
				PRODUCT_NAME = "$(TARGET_NAME)";
				SWIFT_EMIT_LOC_STRINGS = YES;
				SWIFT_VERSION = 5.0;
				TARGETED_DEVICE_FAMILY = "1,2";
			};
			name = Release;
		};
/* End XCBuildConfiguration section */

/* Begin XCConfigurationList section */
		D8FFDACE2B2990F600F167EE /* Build configuration list for PBXProject "URLSessionExample" */ = {
			isa = XCConfigurationList;
			buildConfigurations = (
				D8FFDAE52B2990F700F167EE /* Debug */,
				D8FFDAE62B2990F700F167EE /* Release */,
			);
			defaultConfigurationIsVisible = 0;
			defaultConfigurationName = Release;
		};
		D8FFDAE72B2990F700F167EE /* Build configuration list for PBXNativeTarget "URLSessionExample" */ = {
			isa = XCConfigurationList;
			buildConfigurations = (
				D8FFDAE82B2990F700F167EE /* Debug */,
				D8FFDAE92B2990F700F167EE /* Release */,
			);
			defaultConfigurationIsVisible = 0;
			defaultConfigurationName = Release;
		};
/* End XCConfigurationList section */
	};
	rootObject = D8FFDACB2B2990F600F167EE /* Project object */;
}
